
Microsoft Visual Studio Solution File, Format Version 12.00
# Visual Studio Version 16
VisualStudioVersion = 16.0.29519.181
MinimumVisualStudioVersion = 10.0.40219.1
Project("{9A19103F-16F7-4668-BE54-9A1E7A4F7556}") = "One_Sgp4", "One_Sgp4\One_Sgp4.csproj", "{1EC74942-0D9A-450E-B396-6009F9292072}"
EndProject
Project("{FAE04EC0-301F-11D3-BF4B-00C04F79EFBC}") = "OneSGP4_Example", "OneSGP4_Example\OneSGP4_Example.csproj", "{A72A6FA5-8ACB-4429-90D7-98FFF5EE6FA2}"
EndProject
Project("{9A19103F-16F7-4668-BE54-9A1E7A4F7556}") = "Test", "Test\Test.csproj", "{427A8C67-F7B6-4831-A459-FD7F21DB811A}"
EndProject
Global
	GlobalSection(SolutionConfigurationPlatforms) = preSolution
		Debug|Any CPU = Debug|Any CPU
		Release|Any CPU = Release|Any CPU
	EndGlobalSection
	GlobalSection(ProjectConfigurationPlatforms) = postSolution
		{1EC74942-0D9A-450E-B396-6009F9292072}.Debug|Any CPU.ActiveCfg = Debug|Any CPU
		{1EC74942-0D9A-450E-B396-6009F9292072}.Debug|Any CPU.Build.0 = Debug|Any CPU
		{1EC74942-0D9A-450E-B396-6009F9292072}.Release|Any CPU.ActiveCfg = Release|Any CPU
		{1EC74942-0D9A-450E-B396-6009F9292072}.Release|Any CPU.Build.0 = Release|Any CPU
		{A72A6FA5-8ACB-4429-90D7-98FFF5EE6FA2}.Debug|Any CPU.ActiveCfg = Debug|Any CPU
		{A72A6FA5-8ACB-4429-90D7-98FFF5EE6FA2}.Debug|Any CPU.Build.0 = Debug|Any CPU
		{A72A6FA5-8ACB-4429-90D7-98FFF5EE6FA2}.Release|Any CPU.ActiveCfg = Release|Any CPU
		{A72A6FA5-8ACB-4429-90D7-98FFF5EE6FA2}.Release|Any CPU.Build.0 = Release|Any CPU
		{427A8C67-F7B6-4831-A459-FD7F21DB811A}.Debug|Any CPU.ActiveCfg = Debug|Any CPU
		{427A8C67-F7B6-4831-A459-FD7F21DB811A}.Debug|Any CPU.Build.0 = Debug|Any CPU
		{427A8C67-F7B6-4831-A459-FD7F21DB811A}.Release|Any CPU.ActiveCfg = Release|Any CPU
		{427A8C67-F7B6-4831-A459-FD7F21DB811A}.Release|Any CPU.Build.0 = Release|Any CPU
	EndGlobalSection
	GlobalSection(SolutionProperties) = preSolution
		HideSolutionNode = FALSE
	EndGlobalSection
	GlobalSection(ExtensibilityGlobals) = postSolution
		SolutionGuid = {2574E9F0-75F8-482C-B75C-0276A02EFB02}
	EndGlobalSection
EndGlobal
